
Microsoft Visual Studio Solution File, Format Version 11.00
# Visual Studio 2010
Project("{FAE04EC0-301F-11D3-BF4B-00C04F79EFBC}") = "Assembly-CSharp", "Assembly-CSharp.csproj", "{ea931373-94db-3b5e-e4c2-36723c862252}"
EndProject
Project("{FAE04EC0-301F-11D3-BF4B-00C04F79EFBC}") = "InputSystem.Samples.Visualizers", "InputSystem.Samples.Visualizers.csproj", "{7e746636-7c3d-d47e-bcb8-f37cfca97ad3}"
EndProject
Global
	GlobalSection(SolutionConfigurationPlatforms) = preSolution
		Debug|Any CPU = Debug|Any CPU
		Release|Any CPU = Release|Any CPU
	EndGlobalSection
	GlobalSection(ProjectConfigurationPlatforms) = postSolution
		{ea931373-94db-3b5e-e4c2-36723c862252}.Debug|Any CPU.ActiveCfg = Debug|Any CPU
		{ea931373-94db-3b5e-e4c2-36723c862252}.Debug|Any CPU.Build.0 = Debug|Any CPU
		{ea931373-94db-3b5e-e4c2-36723c862252}.Release|Any CPU.ActiveCfg = Release|Any CPU
		{ea931373-94db-3b5e-e4c2-36723c862252}.Release|Any CPU.Build.0 = Release|Any CPU
		{7e746636-7c3d-d47e-bcb8-f37cfca97ad3}.Debug|Any CPU.ActiveCfg = Debug|Any CPU
		{7e746636-7c3d-d47e-bcb8-f37cfca97ad3}.Debug|Any CPU.Build.0 = Debug|Any CPU
		{7e746636-7c3d-d47e-bcb8-f37cfca97ad3}.Release|Any CPU.ActiveCfg = Release|Any CPU
		{7e746636-7c3d-d47e-bcb8-f37cfca97ad3}.Release|Any CPU.Build.0 = Release|Any CPU
	EndGlobalSection
	GlobalSection(SolutionProperties) = preSolution
		HideSolutionNode = FALSE
	EndGlobalSection
EndGlobal
